
Microsoft Visual Studio Solution File, Format Version 10.00
# Visual Studio 2008
Project("{8BC9CEB8-8B4A-11D0-8D11-00A0C91BC942}") = "ActiveXDemo", "ActiveXDemo.vcproj", "{FBC0C5C7-0C29-4B7A-9F97-128CB65CD837}"
EndProject
Global
	GlobalSection(SolutionConfigurationPlatforms) = preSolution
		Debug|Win32 = Debug|Win32
		Release|Win32 = Release|Win32
	EndGlobalSection
	GlobalSection(ProjectConfigurationPlatforms) = postSolution
		{FBC0C5C7-0C29-4B7A-9F97-128CB65CD837}.Debug|Win32.ActiveCfg = Debug|Win32
		{FBC0C5C7-0C29-4B7A-9F97-128CB65CD837}.Debug|Win32.Build.0 = Debug|Win32
		{FBC0C5C7-0C29-4B7A-9F97-128CB65CD837}.Release|Win32.ActiveCfg = Release|Win32
		{FBC0C5C7-0C29-4B7A-9F97-128CB65CD837}.Release|Win32.Build.0 = Release|Win32
	EndGlobalSection
	GlobalSection(SolutionProperties) = preSolution
		HideSolutionNode = FALSE
	EndGlobalSection
EndGlobal
